
Microsoft Visual Studio Solution File, Format Version 12.00
# Visual Studio Version 16
VisualStudioVersion = 16.0.30804.86
MinimumVisualStudioVersion = 10.0.40219.1
Project("{FAE04EC0-301F-11D3-BF4B-00C04F79EFBC}") = "Palindrome", "Palindrome\Palindrome.csproj", "{6CFEB0B7-2BDD-44D6-86B8-51681CE35264}"
EndProject
Global
	GlobalSection(SolutionConfigurationPlatforms) = preSolution
		Debug|Any CPU = Debug|Any CPU
		Release|Any CPU = Release|Any CPU
	EndGlobalSection
	GlobalSection(ProjectConfigurationPlatforms) = postSolution
		{6CFEB0B7-2BDD-44D6-86B8-51681CE35264}.Debug|Any CPU.ActiveCfg = Debug|Any CPU
		{6CFEB0B7-2BDD-44D6-86B8-51681CE35264}.Debug|Any CPU.Build.0 = Debug|Any CPU
		{6CFEB0B7-2BDD-44D6-86B8-51681CE35264}.Release|Any CPU.ActiveCfg = Release|Any CPU
		{6CFEB0B7-2BDD-44D6-86B8-51681CE35264}.Release|Any CPU.Build.0 = Release|Any CPU
	EndGlobalSection
	GlobalSection(SolutionProperties) = preSolution
		HideSolutionNode = FALSE
	EndGlobalSection
	GlobalSection(ExtensibilityGlobals) = postSolution
		SolutionGuid = {DE411E5B-50B1-426B-9C5C-1E10FBF599D5}
	EndGlobalSection
EndGlobal
