
Microsoft Visual Studio Solution File, Format Version 12.00
# Visual Studio Version 16
VisualStudioVersion = 16.0.30804.86
MinimumVisualStudioVersion = 10.0.40219.1
Project("{FAE04EC0-301F-11D3-BF4B-00C04F79EFBC}") = "ListComprehension", "ListComprehension\ListComprehension.csproj", "{BCF9A39B-99A1-4FB7-A34F-618E57128431}"
EndProject
Global
	GlobalSection(SolutionConfigurationPlatforms) = preSolution
		Debug|Any CPU = Debug|Any CPU
		Release|Any CPU = Release|Any CPU
	EndGlobalSection
	GlobalSection(ProjectConfigurationPlatforms) = postSolution
		{BCF9A39B-99A1-4FB7-A34F-618E57128431}.Debug|Any CPU.ActiveCfg = Debug|Any CPU
		{BCF9A39B-99A1-4FB7-A34F-618E57128431}.Debug|Any CPU.Build.0 = Debug|Any CPU
		{BCF9A39B-99A1-4FB7-A34F-618E57128431}.Release|Any CPU.ActiveCfg = Release|Any CPU
		{BCF9A39B-99A1-4FB7-A34F-618E57128431}.Release|Any CPU.Build.0 = Release|Any CPU
	EndGlobalSection
	GlobalSection(SolutionProperties) = preSolution
		HideSolutionNode = FALSE
	EndGlobalSection
	GlobalSection(ExtensibilityGlobals) = postSolution
		SolutionGuid = {11FC0F7D-BCB7-4ACF-A4AF-EBE1F009804E}
	EndGlobalSection
EndGlobal
