
Microsoft Visual Studio Solution File, Format Version 12.00
# Visual Studio Version 16
VisualStudioVersion = 16.0.30717.126
MinimumVisualStudioVersion = 10.0.40219.1
Project("{FAE04EC0-301F-11D3-BF4B-00C04F79EFBC}") = "AddAndConvertToBinary", "AddAndConvertToBinary\AddAndConvertToBinary.csproj", "{84E03A5E-28E1-493E-A81A-C56108D271AC}"
EndProject
Global
	GlobalSection(SolutionConfigurationPlatforms) = preSolution
		Debug|Any CPU = Debug|Any CPU
		Release|Any CPU = Release|Any CPU
	EndGlobalSection
	GlobalSection(ProjectConfigurationPlatforms) = postSolution
		{84E03A5E-28E1-493E-A81A-C56108D271AC}.Debug|Any CPU.ActiveCfg = Debug|Any CPU
		{84E03A5E-28E1-493E-A81A-C56108D271AC}.Debug|Any CPU.Build.0 = Debug|Any CPU
		{84E03A5E-28E1-493E-A81A-C56108D271AC}.Release|Any CPU.ActiveCfg = Release|Any CPU
		{84E03A5E-28E1-493E-A81A-C56108D271AC}.Release|Any CPU.Build.0 = Release|Any CPU
	EndGlobalSection
	GlobalSection(SolutionProperties) = preSolution
		HideSolutionNode = FALSE
	EndGlobalSection
	GlobalSection(ExtensibilityGlobals) = postSolution
		SolutionGuid = {C3699EC8-0245-422E-8996-9CD25E2DDC81}
	EndGlobalSection
EndGlobal
