
Microsoft Visual Studio Solution File, Format Version 12.00
# Visual Studio Version 16
VisualStudioVersion = 16.0.30717.126
MinimumVisualStudioVersion = 10.0.40219.1
Project("{9A19103F-16F7-4668-BE54-9A1E7A4F7556}") = "Divisors", "Divisors\Divisors.csproj", "{49D28CBF-DC43-48EA-9801-6696111EA1B8}"
EndProject
Global
	GlobalSection(SolutionConfigurationPlatforms) = preSolution
		Debug|Any CPU = Debug|Any CPU
		Release|Any CPU = Release|Any CPU
	EndGlobalSection
	GlobalSection(ProjectConfigurationPlatforms) = postSolution
		{49D28CBF-DC43-48EA-9801-6696111EA1B8}.Debug|Any CPU.ActiveCfg = Debug|Any CPU
		{49D28CBF-DC43-48EA-9801-6696111EA1B8}.Debug|Any CPU.Build.0 = Debug|Any CPU
		{49D28CBF-DC43-48EA-9801-6696111EA1B8}.Release|Any CPU.ActiveCfg = Release|Any CPU
		{49D28CBF-DC43-48EA-9801-6696111EA1B8}.Release|Any CPU.Build.0 = Release|Any CPU
	EndGlobalSection
	GlobalSection(SolutionProperties) = preSolution
		HideSolutionNode = FALSE
	EndGlobalSection
	GlobalSection(ExtensibilityGlobals) = postSolution
		SolutionGuid = {45D8EC16-FA4A-4E3D-B2A2-F22769A076CE}
	EndGlobalSection
EndGlobal
